
Microsoft Visual Studio Solution File, Format Version 12.00
# Visual Studio Version 17
VisualStudioVersion = 17.7.34202.233
MinimumVisualStudioVersion = 10.0.40219.1
Project("{FAE04EC0-301F-11D3-BF4B-00C04F79EFBC}") = "Batch_32_Final_Project", "Batch_32_Final_Project\Batch_32_Final_Project.csproj", "{8FF87199-51EB-4926-BB85-7080F96B50AE}"
EndProject
Global
	GlobalSection(SolutionConfigurationPlatforms) = preSolution
		Debug|Any CPU = Debug|Any CPU
		Release|Any CPU = Release|Any CPU
	EndGlobalSection
	GlobalSection(ProjectConfigurationPlatforms) = postSolution
		{8FF87199-51EB-4926-BB85-7080F96B50AE}.Debug|Any CPU.ActiveCfg = Debug|Any CPU
		{8FF87199-51EB-4926-BB85-7080F96B50AE}.Debug|Any CPU.Build.0 = Debug|Any CPU
		{8FF87199-51EB-4926-BB85-7080F96B50AE}.Release|Any CPU.ActiveCfg = Release|Any CPU
		{8FF87199-51EB-4926-BB85-7080F96B50AE}.Release|Any CPU.Build.0 = Release|Any CPU
	EndGlobalSection
	GlobalSection(SolutionProperties) = preSolution
		HideSolutionNode = FALSE
	EndGlobalSection
	GlobalSection(ExtensibilityGlobals) = postSolution
		SolutionGuid = {627B453B-127A-4A7E-AADF-1C17C0DB23A3}
	EndGlobalSection
EndGlobal
